
Microsoft Visual Studio Solution File, Format Version 12.00
# Visual Studio Version 17
VisualStudioVersion = 17.5.33530.505
MinimumVisualStudioVersion = 10.0.40219.1
Project("{8BC9CEB8-8B4A-11D0-8D11-00A0C91BC942}") = "GK1", "GK1.vcxproj", "{87E7B4F9-64E4-4EDB-B1EE-3ABA70F8AA42}"
EndProject
Global
	GlobalSection(SolutionConfigurationPlatforms) = preSolution
		Debug|x64 = Debug|x64
		Debug|x86 = Debug|x86
		Release|x64 = Release|x64
		Release|x86 = Release|x86
	EndGlobalSection
	GlobalSection(ProjectConfigurationPlatforms) = postSolution
		{87E7B4F9-64E4-4EDB-B1EE-3ABA70F8AA42}.Debug|x64.ActiveCfg = Debug|x64
		{87E7B4F9-64E4-4EDB-B1EE-3ABA70F8AA42}.Debug|x64.Build.0 = Debug|x64
		{87E7B4F9-64E4-4EDB-B1EE-3ABA70F8AA42}.Debug|x86.ActiveCfg = Debug|Win32
		{87E7B4F9-64E4-4EDB-B1EE-3ABA70F8AA42}.Debug|x86.Build.0 = Debug|Win32
		{87E7B4F9-64E4-4EDB-B1EE-3ABA70F8AA42}.Release|x64.ActiveCfg = Release|x64
		{87E7B4F9-64E4-4EDB-B1EE-3ABA70F8AA42}.Release|x64.Build.0 = Release|x64
		{87E7B4F9-64E4-4EDB-B1EE-3ABA70F8AA42}.Release|x86.ActiveCfg = Release|Win32
		{87E7B4F9-64E4-4EDB-B1EE-3ABA70F8AA42}.Release|x86.Build.0 = Release|Win32
	EndGlobalSection
	GlobalSection(SolutionProperties) = preSolution
		HideSolutionNode = FALSE
	EndGlobalSection
	GlobalSection(ExtensibilityGlobals) = postSolution
		SolutionGuid = {28FCA093-D963-4712-B646-DCEC0614FC28}
	EndGlobalSection
EndGlobal
